
Microsoft Visual Studio Solution File, Format Version 12.00
# Visual Studio Version 17
VisualStudioVersion = 17.14.36623.8 d17.14
MinimumVisualStudioVersion = 10.0.40219.1
Project("{FAE04EC0-301F-11D3-BF4B-00C04F79EFBC}") = "StudentManagementAPI", "StudentManagementAPI\StudentManagementAPI.csproj", "{A59D0701-C734-4EF7-9155-9742A7A021C1}"
EndProject
Global
	GlobalSection(SolutionConfigurationPlatforms) = preSolution
		Debug|Any CPU = Debug|Any CPU
		Release|Any CPU = Release|Any CPU
	EndGlobalSection
	GlobalSection(ProjectConfigurationPlatforms) = postSolution
		{A59D0701-C734-4EF7-9155-9742A7A021C1}.Debug|Any CPU.ActiveCfg = Debug|Any CPU
		{A59D0701-C734-4EF7-9155-9742A7A021C1}.Debug|Any CPU.Build.0 = Debug|Any CPU
		{A59D0701-C734-4EF7-9155-9742A7A021C1}.Release|Any CPU.ActiveCfg = Release|Any CPU
		{A59D0701-C734-4EF7-9155-9742A7A021C1}.Release|Any CPU.Build.0 = Release|Any CPU
	EndGlobalSection
	GlobalSection(SolutionProperties) = preSolution
		HideSolutionNode = FALSE
	EndGlobalSection
	GlobalSection(ExtensibilityGlobals) = postSolution
		SolutionGuid = {E87EC379-4141-420A-9D86-ED56B0F342ED}
	EndGlobalSection
EndGlobal
